
Microsoft Visual Studio Solution File, Format Version 12.00
# Visual Studio Version 16
VisualStudioVersion = 16.0.28803.202
MinimumVisualStudioVersion = 10.0.40219.1
Project("{FAE04EC0-301F-11D3-BF4B-00C04F79EFBC}") = "WorkerSeed", "WorkerSeed\WorkerSeed.csproj", "{4F9320A2-37D5-410F-922A-6E366714C7FF}"
EndProject
Global
	GlobalSection(SolutionConfigurationPlatforms) = preSolution
		Debug|Any CPU = Debug|Any CPU
		Release|Any CPU = Release|Any CPU
	EndGlobalSection
	GlobalSection(ProjectConfigurationPlatforms) = postSolution
		{4F9320A2-37D5-410F-922A-6E366714C7FF}.Debug|Any CPU.ActiveCfg = Debug|Any CPU
		{4F9320A2-37D5-410F-922A-6E366714C7FF}.Debug|Any CPU.Build.0 = Debug|Any CPU
		{4F9320A2-37D5-410F-922A-6E366714C7FF}.Release|Any CPU.ActiveCfg = Release|Any CPU
		{4F9320A2-37D5-410F-922A-6E366714C7FF}.Release|Any CPU.Build.0 = Release|Any CPU
	EndGlobalSection
	GlobalSection(SolutionProperties) = preSolution
		HideSolutionNode = FALSE
	EndGlobalSection
	GlobalSection(ExtensibilityGlobals) = postSolution
		SolutionGuid = {0705C9B3-38F6-4B35-B475-A86AADB115FC}
	EndGlobalSection
EndGlobal
